<?xml version="1.0" encoding="utf-8"?>
<Project ToolsVersion="4.0" xmlns="http://schemas.microsoft.com/developer/msbuild/2003">
  <ItemGroup>
    <Filter Include="Source Files">
      <UniqueIdentifier>{4FC737F1-C7A5-4376-A066-2A32D752A2FF}</UniqueIdentifier>
      <Extensions>cpp;c;cc;cxx;c++;cppm;ixx;def;odl;idl;hpj;bat;asm;asmx</Extensions>
    </Filter>
    <Filter Include="Header Files">
      <UniqueIdentifier>{93995380-89BD-4b04-88EB-625FBE52EBFB}</UniqueIdentifier>
      <Extensions>h;hh;hpp;hxx;h++;hm;inl;inc;ipp;xsd</Extensions>
    </Filter>
    <Filter Include="Resource Files">
      <UniqueIdentifier>{67DA6AB6-F800-4c08-8B7A-83BB121AAD01}</UniqueIdentifier>
      <Extensions>rc;ico;cur;bmp;dlg;rc2;rct;bin;rgs;gif;jpg;jpeg;jpe;resx;tiff;tif;png;wav;mfcribbon-ms</Extensions>
    </Filter>
  </ItemGroup>
  <ItemGroup>
    <None Include="packages.config" />
    <None Include="flecs.dll" />
    <None Include="mxml4.dll" />
    <None Include="assets\tilesets\pack_0.tspack" />
    <None Include="CHANGELOG.md" />
  </ItemGroup>
  <ItemGroup>
    <ClCompile Include="src\main.c">
      <Filter>Source Files</Filter>
    </ClCompile>
    <ClCompile Include="src\core\resources_manager.c">
      <Filter>Source Files</Filter>
    </ClCompile>
    <ClCompile Include="src\core\resources\sprite.c">
      <Filter>Source Files</Filter>
    </ClCompile>
    <ClCompile Include="src\core\resources\tilemap.c">
      <Filter>Source Files</Filter>
    </ClCompile>
    <ClCompile Include="src\core\game.c">
      <Filter>Source Files</Filter>
    </ClCompile>
    <ClCompile Include="src\core\level.c">
      <Filter>Source Files</Filter>
    </ClCompile>
    <ClCompile Include="src\core\gametypes.h">
      <Filter>Source Files</Filter>
    </ClCompile>
    <ClCompile Include="src\levels\menu.c">
      <Filter>Source Files</Filter>
    </ClCompile>
    <ClCompile Include="src\core\utilities.c">
      <Filter>Source Files</Filter>
    </ClCompile>
    <ClCompile Include="src\game\behaviours\daycycle.c">
      <Filter>Source Files</Filter>
    </ClCompile>
    <ClCompile Include="src\game\levels\farm.c">
      <Filter>Source Files</Filter>
    </ClCompile>
    <ClCompile Include="src\game\levels\house.c">
      <Filter>Source Files</Filter>
    </ClCompile>
    <ClCompile Include="src\game\behaviours\player.c">
      <Filter>Source Files</Filter>
    </ClCompile>
    <ClCompile Include="src\game\gitems.c">
      <Filter>Source Files</Filter>
    </ClCompile>
  </ItemGroup>
  <ItemGroup>
    <ClInclude Include="src\core\resources_manager.h">
      <Filter>Header Files</Filter>
    </ClInclude>
    <ClInclude Include="src\core\resources\sprite.h">
      <Filter>Header Files</Filter>
    </ClInclude>
    <ClInclude Include="src\core\resources\tilemap.h">
      <Filter>Header Files</Filter>
    </ClInclude>
    <ClInclude Include="src\core\game.h">
      <Filter>Header Files</Filter>
    </ClInclude>
    <ClInclude Include="src\core\components.h">
      <Filter>Header Files</Filter>
    </ClInclude>
    <ClInclude Include="src\core\level.h">
      <Filter>Header Files</Filter>
    </ClInclude>
    <ClInclude Include="src\levels\menu.h">
      <Filter>Header Files</Filter>
    </ClInclude>
    <ClInclude Include="src\core\utilities.h">
      <Filter>Header Files</Filter>
    </ClInclude>
    <ClInclude Include="src\game\levels\farm.h">
      <Filter>Header Files</Filter>
    </ClInclude>
    <ClInclude Include="src\game\behaviours\daycycle.h">
      <Filter>Header Files</Filter>
    </ClInclude>
    <ClInclude Include="src\game\levels\house.h">
      <Filter>Header Files</Filter>
    </ClInclude>
    <ClInclude Include="src\game\behaviours\player.h">
      <Filter>Header Files</Filter>
    </ClInclude>
    <ClInclude Include="src\game\gitems.h">
      <Filter>Header Files</Filter>
    </ClInclude>
  </ItemGroup>
  <ItemGroup>
    <Image Include="..\..\..\..\..\Downloads\TALLER ASSETS\skeleton.png">
      <Filter>Resource Files</Filter>
    </Image>
    <Image Include="..\..\..\..\..\Downloads\TALLER ASSETS\clase.png">
      <Filter>Resource Files</Filter>
    </Image>
  </ItemGroup>
</Project>